
Microsoft Visual Studio Solution File, Format Version 12.00
# Visual Studio 15
VisualStudioVersion = 15.0.27703.2026
MinimumVisualStudioVersion = 10.0.40219.1
Project("{FAE04EC0-301F-11D3-BF4B-00C04F79EFBC}") = "Calculator", "Calculator.csproj", "{C6EE26F3-EF2A-41AA-8F61-A9E26663CD2A}"
EndProject
Global
	GlobalSection(SolutionConfigurationPlatforms) = preSolution
		Debug|Any CPU = Debug|Any CPU
		Release|Any CPU = Release|Any CPU
	EndGlobalSection
	GlobalSection(ProjectConfigurationPlatforms) = postSolution
		{C6EE26F3-EF2A-41AA-8F61-A9E26663CD2A}.Debug|Any CPU.ActiveCfg = Debug|Any CPU
		{C6EE26F3-EF2A-41AA-8F61-A9E26663CD2A}.Debug|Any CPU.Build.0 = Debug|Any CPU
		{C6EE26F3-EF2A-41AA-8F61-A9E26663CD2A}.Release|Any CPU.ActiveCfg = Release|Any CPU
		{C6EE26F3-EF2A-41AA-8F61-A9E26663CD2A}.Release|Any CPU.Build.0 = Release|Any CPU
	EndGlobalSection
	GlobalSection(SolutionProperties) = preSolution
		HideSolutionNode = FALSE
	EndGlobalSection
	GlobalSection(ExtensibilityGlobals) = postSolution
		SolutionGuid = {6346F98A-BAC1-4F04-AC82-91A3F123056A}
	EndGlobalSection
EndGlobal
